// !$*UTF8*$!
{
	archiveVersion = 1;
	classes = {
	};
	objectVersion = 50;
	objects = {

/* Begin PBXBuildFile section */
		89E34895248ED3C500A22431 /* AppDelegate.swift in Sources */ = {isa = PBXBuildFile; fileRef = 89E34894248ED3C500A22431 /* AppDelegate.swift */; };
		89E34897248ED3C500A22431 /* SceneDelegate.swift in Sources */ = {isa = PBXBuildFile; fileRef = 89E34896248ED3C500A22431 /* SceneDelegate.swift */; };
		89E34899248ED3C500A22431 /* ViewController.swift in Sources */ = {isa = PBXBuildFile; fileRef = 89E34898248ED3C500A22431 /* ViewController.swift */; };
		89E3489C248ED3C500A22431 /* Main.storyboard in Resources */ = {isa = PBXBuildFile; fileRef = 89E3489A248ED3C500A22431 /* Main.storyboard */; };
		89E3489E248ED3C600A22431 /* Assets.xcassets in Resources */ = {isa = PBXBuildFile; fileRef = 89E3489D248ED3C600A22431 /* Assets.xcassets */; };
		89E348A1248ED3C600A22431 /* LaunchScreen.storyboard in Resources */ = {isa = PBXBuildFile; fileRef = 89E3489F248ED3C600A22431 /* LaunchScreen.storyboard */; };
		89E348AC248ED3C700A22431 /* Social_Media_IntegrationTests.swift in Sources */ = {isa = PBXBuildFile; fileRef = 89E348AB248ED3C700A22431 /* Social_Media_IntegrationTests.swift */; };
		89E348B7248ED3C700A22431 /* Social_Media_IntegrationUITests.swift in Sources */ = {isa = PBXBuildFile; fileRef = 89E348B6248ED3C700A22431 /* Social_Media_IntegrationUITests.swift */; };
/* End PBXBuildFile section */

/* Begin PBXContainerItemProxy section */
		89E348A8248ED3C700A22431 /* PBXContainerItemProxy */ = {
			isa = PBXContainerItemProxy;
			containerPortal = 89E34889248ED3C500A22431 /* Project object */;
			proxyType = 1;
			remoteGlobalIDString = 89E34890248ED3C500A22431;
			remoteInfo = "Social Media Integration";
		};
		89E348B3248ED3C700A22431 /* PBXContainerItemProxy */ = {
			isa = PBXContainerItemProxy;
			containerPortal = 89E34889248ED3C500A22431 /* Project object */;
			proxyType = 1;
			remoteGlobalIDString = 89E34890248ED3C500A22431;
			remoteInfo = "Social Media Integration";
		};
/* End PBXContainerItemProxy section */

/* Begin PBXFileReference section */
		89E34891248ED3C500A22431 /* Social Media Integration.app */ = {isa = PBXFileReference; explicitFileType = wrapper.application; includeInIndex = 0; path = "Social Media Integration.app"; sourceTree = BUILT_PRODUCTS_DIR; };
		89E34894248ED3C500A22431 /* AppDelegate.swift */ = {isa = PBXFileReference; lastKnownFileType = sourcecode.swift; path = AppDelegate.swift; sourceTree = "<group>"; };
		89E34896248ED3C500A22431 /* SceneDelegate.swift */ = {isa = PBXFileReference; lastKnownFileType = sourcecode.swift; path = SceneDelegate.swift; sourceTree = "<group>"; };
		89E34898248ED3C500A22431 /* ViewController.swift */ = {isa = PBXFileReference; lastKnownFileType = sourcecode.swift; path = ViewController.swift; sourceTree = "<group>"; };
		89E3489B248ED3C500A22431 /* Base */ = {isa = PBXFileReference; lastKnownFileType = file.storyboard; name = Base; path = Base.lproj/Main.storyboard; sourceTree = "<group>"; };
		89E3489D248ED3C600A22431 /* Assets.xcassets */ = {isa = PBXFileReference; lastKnownFileType = folder.assetcatalog; path = Assets.xcassets; sourceTree = "<group>"; };
		89E348A0248ED3C600A22431 /* Base */ = {isa = PBXFileReference; lastKnownFileType = file.storyboard; name = Base; path = Base.lproj/LaunchScreen.storyboard; sourceTree = "<group>"; };
		89E348A2248ED3C600A22431 /* Info.plist */ = {isa = PBXFileReference; lastKnownFileType = text.plist.xml; path = Info.plist; sourceTree = "<group>"; };
		89E348A7248ED3C700A22431 /* Social Media IntegrationTests.xctest */ = {isa = PBXFileReference; explicitFileType = wrapper.cfbundle; includeInIndex = 0; path = "Social Media IntegrationTests.xctest"; sourceTree = BUILT_PRODUCTS_DIR; };
		89E348AB248ED3C700A22431 /* Social_Media_IntegrationTests.swift */ = {isa = PBXFileReference; lastKnownFileType = sourcecode.swift; path = Social_Media_IntegrationTests.swift; sourceTree = "<group>"; };
		89E348AD248ED3C700A22431 /* Info.plist */ = {isa = PBXFileReference; lastKnownFileType = text.plist.xml; path = Info.plist; sourceTree = "<group>"; };
		89E348B2248ED3C700A22431 /* Social Media IntegrationUITests.xctest */ = {isa = PBXFileReference; explicitFileType = wrapper.cfbundle; includeInIndex = 0; path = "Social Media IntegrationUITests.xctest"; sourceTree = BUILT_PRODUCTS_DIR; };
		89E348B6248ED3C700A22431 /* Social_Media_IntegrationUITests.swift */ = {isa = PBXFileReference; lastKnownFileType = sourcecode.swift; path = Social_Media_IntegrationUITests.swift; sourceTree = "<group>"; };
		89E348B8248ED3C700A22431 /* Info.plist */ = {isa = PBXFileReference; lastKnownFileType = text.plist.xml; path = Info.plist; sourceTree = "<group>"; };
/* End PBXFileReference section */

/* Begin PBXFrameworksBuildPhase section */
		89E3488E248ED3C500A22431 /* Frameworks */ = {
			isa = PBXFrameworksBuildPhase;
			buildActionMask = 2147483647;
			files = (
			);
			runOnlyForDeploymentPostprocessing = 0;
		};
		89E348A4248ED3C700A22431 /* Frameworks */ = {
			isa = PBXFrameworksBuildPhase;
			buildActionMask = 2147483647;
			files = (
			);
			runOnlyForDeploymentPostprocessing = 0;
		};
		89E348AF248ED3C700A22431 /* Frameworks */ = {
			isa = PBXFrameworksBuildPhase;
			buildActionMask = 2147483647;
			files = (
			);
			runOnlyForDeploymentPostprocessing = 0;
		};
/* End PBXFrameworksBuildPhase section */

/* Begin PBXGroup section */
		89E34888248ED3C500A22431 = {
			isa = PBXGroup;
			children = (
				89E34893248ED3C500A22431 /* Social Media Integration */,
				89E348AA248ED3C700A22431 /* Social Media IntegrationTests */,
				89E348B5248ED3C700A22431 /* Social Media IntegrationUITests */,
				89E34892248ED3C500A22431 /* Products */,
			);
			sourceTree = "<group>";
		};
		89E34892248ED3C500A22431 /* Products */ = {
			isa = PBXGroup;
			children = (
				89E34891248ED3C500A22431 /* Social Media Integration.app */,
				89E348A7248ED3C700A22431 /* Social Media IntegrationTests.xctest */,
				89E348B2248ED3C700A22431 /* Social Media IntegrationUITests.xctest */,
			);
			name = Products;
			sourceTree = "<group>";
		};
		89E34893248ED3C500A22431 /* Social Media Integration */ = {
			isa = PBXGroup;
			children = (
				89E34894248ED3C500A22431 /* AppDelegate.swift */,
				89E34896248ED3C500A22431 /* SceneDelegate.swift */,
				89E34898248ED3C500A22431 /* ViewController.swift */,
				89E3489A248ED3C500A22431 /* Main.storyboard */,
				89E3489D248ED3C600A22431 /* Assets.xcassets */,
				89E3489F248ED3C600A22431 /* LaunchScreen.storyboard */,
				89E348A2248ED3C600A22431 /* Info.plist */,
			);
			path = "Social Media Integration";
			sourceTree = "<group>";
		};
		89E348AA248ED3C700A22431 /* Social Media IntegrationTests */ = {
			isa = PBXGroup;
			children = (
				89E348AB248ED3C700A22431 /* Social_Media_IntegrationTests.swift */,
				89E348AD248ED3C700A22431 /* Info.plist */,
			);
			path = "Social Media IntegrationTests";
			sourceTree = "<group>";
		};
		89E348B5248ED3C700A22431 /* Social Media IntegrationUITests */ = {
			isa = PBXGroup;
			children = (
				89E348B6248ED3C700A22431 /* Social_Media_IntegrationUITests.swift */,
				89E348B8248ED3C700A22431 /* Info.plist */,
			);
			path = "Social Media IntegrationUITests";
			sourceTree = "<group>";
		};
/* End PBXGroup section */

/* Begin PBXNativeTarget section */
		89E34890248ED3C500A22431 /* Social Media Integration */ = {
			isa = PBXNativeTarget;
			buildConfigurationList = 89E348BB248ED3C700A22431 /* Build configuration list for PBXNativeTarget "Social Media Integration" */;
			buildPhases = (
				89E3488D248ED3C500A22431 /* Sources */,
				89E3488E248ED3C500A22431 /* Frameworks */,
				89E3488F248ED3C500A22431 /* Resources */,
			);
			buildRules = (
			);
			dependencies = (
			);
			name = "Social Media Integration";
			productName = "Social Media Integration";
			productReference = 89E34891248ED3C500A22431 /* Social Media Integration.app */;
			productType = "com.apple.product-type.application";
		};
		89E348A6248ED3C700A22431 /* Social Media IntegrationTests */ = {
			isa = PBXNativeTarget;
			buildConfigurationList = 89E348BE248ED3C700A22431 /* Build configuration list for PBXNativeTarget "Social Media IntegrationTests" */;
			buildPhases = (
				89E348A3248ED3C700A22431 /* Sources */,
				89E348A4248ED3C700A22431 /* Frameworks */,
				89E348A5248ED3C700A22431 /* Resources */,
			);
			buildRules = (
			);
			dependencies = (
				89E348A9248ED3C700A22431 /* PBXTargetDependency */,
			);
			name = "Social Media IntegrationTests";
			productName = "Social Media IntegrationTests";
			productReference = 89E348A7248ED3C700A22431 /* Social Media IntegrationTests.xctest */;
			productType = "com.apple.product-type.bundle.unit-test";
		};
		89E348B1248ED3C700A22431 /* Social Media IntegrationUITests */ = {
			isa = PBXNativeTarget;
			buildConfigurationList = 89E348C1248ED3C700A22431 /* Build configuration list for PBXNativeTarget "Social Media IntegrationUITests" */;
			buildPhases = (
				89E348AE248ED3C700A22431 /* Sources */,
				89E348AF248ED3C700A22431 /* Frameworks */,
				89E348B0248ED3C700A22431 /* Resources */,
			);
			buildRules = (
			);
			dependencies = (
				89E348B4248ED3C700A22431 /* PBXTargetDependency */,
			);
			name = "Social Media IntegrationUITests";
			productName = "Social Media IntegrationUITests";
			productReference = 89E348B2248ED3C700A22431 /* Social Media IntegrationUITests.xctest */;
			productType = "com.apple.product-type.bundle.ui-testing";
		};
/* End PBXNativeTarget section */

/* Begin PBXProject section */
		89E34889248ED3C500A22431 /* Project object */ = {
			isa = PBXProject;
			attributes = {
				LastSwiftUpdateCheck = 1140;
				LastUpgradeCheck = 1140;
				ORGANIZATIONNAME = "Marc-Antoine Laberge";
				TargetAttributes = {
					89E34890248ED3C500A22431 = {
						CreatedOnToolsVersion = 11.4.1;
					};
					89E348A6248ED3C700A22431 = {
						CreatedOnToolsVersion = 11.4.1;
						TestTargetID = 89E34890248ED3C500A22431;
					};
					89E348B1248ED3C700A22431 = {
						CreatedOnToolsVersion = 11.4.1;
						TestTargetID = 89E34890248ED3C500A22431;
					};
				};
			};
			buildConfigurationList = 89E3488C248ED3C500A22431 /* Build configuration list for PBXProject "Social Media Integration" */;
			compatibilityVersion = "Xcode 9.3";
			developmentRegion = en;
			hasScannedForEncodings = 0;
			knownRegions = (
				en,
				Base,
			);
			mainGroup = 89E34888248ED3C500A22431;
			productRefGroup = 89E34892248ED3C500A22431 /* Products */;
			projectDirPath = "";
			projectRoot = "";
			targets = (
				89E34890248ED3C500A22431 /* Social Media Integration */,
				89E348A6248ED3C700A22431 /* Social Media IntegrationTests */,
				89E348B1248ED3C700A22431 /* Social Media IntegrationUITests */,
			);
		};
/* End PBXProject section */

/* Begin PBXResourcesBuildPhase section */
		89E3488F248ED3C500A22431 /* Resources */ = {
			isa = PBXResourcesBuildPhase;
			buildActionMask = 2147483647;
			files = (
				89E348A1248ED3C600A22431 /* LaunchScreen.storyboard in Resources */,
				89E3489E248ED3C600A22431 /* Assets.xcassets in Resources */,
				89E3489C248ED3C500A22431 /* Main.storyboard in Resources */,
			);
			runOnlyForDeploymentPostprocessing = 0;
		};
		89E348A5248ED3C700A22431 /* Resources */ = {
			isa = PBXResourcesBuildPhase;
			buildActionMask = 2147483647;
			files = (
			);
			runOnlyForDeploymentPostprocessing = 0;
		};
		89E348B0248ED3C700A22431 /* Resources */ = {
			isa = PBXResourcesBuildPhase;
			buildActionMask = 2147483647;
			files = (
			);
			runOnlyForDeploymentPostprocessing = 0;
		};
/* End PBXResourcesBuildPhase section */

/* Begin PBXSourcesBuildPhase section */
		89E3488D248ED3C500A22431 /* Sources */ = {
			isa = PBXSourcesBuildPhase;
			buildActionMask = 2147483647;
			files = (
				89E34899248ED3C500A22431 /* ViewController.swift in Sources */,
				89E34895248ED3C500A22431 /* AppDelegate.swift in Sources */,
				89E34897248ED3C500A22431 /* SceneDelegate.swift in Sources */,
			);
			runOnlyForDeploymentPostprocessing = 0;
		};
		89E348A3248ED3C700A22431 /* Sources */ = {
			isa = PBXSourcesBuildPhase;
			buildActionMask = 2147483647;
			files = (
				89E348AC248ED3C700A22431 /* Social_Media_IntegrationTests.swift in Sources */,
			);
			runOnlyForDeploymentPostprocessing = 0;
		};
		89E348AE248ED3C700A22431 /* Sources */ = {
			isa = PBXSourcesBuildPhase;
			buildActionMask = 2147483647;
			files = (
				89E348B7248ED3C700A22431 /* Social_Media_IntegrationUITests.swift in Sources */,
			);
			runOnlyForDeploymentPostprocessing = 0;
		};
/* End PBXSourcesBuildPhase section */

/* Begin PBXTargetDependency section */
		89E348A9248ED3C700A22431 /* PBXTargetDependency */ = {
			isa = PBXTargetDependency;
			target = 89E34890248ED3C500A22431 /* Social Media Integration */;
			targetProxy = 89E348A8248ED3C700A22431 /* PBXContainerItemProxy */;
		};
		89E348B4248ED3C700A22431 /* PBXTargetDependency */ = {
			isa = PBXTargetDependency;
			target = 89E34890248ED3C500A22431 /* Social Media Integration */;
			targetProxy = 89E348B3248ED3C700A22431 /* PBXContainerItemProxy */;
		};
/* End PBXTargetDependency section */

/* Begin PBXVariantGroup section */
		89E3489A248ED3C500A22431 /* Main.storyboard */ = {
			isa = PBXVariantGroup;
			children = (
				89E3489B248ED3C500A22431 /* Base */,
			);
			name = Main.storyboard;
			sourceTree = "<group>";
		};
		89E3489F248ED3C600A22431 /* LaunchScreen.storyboard */ = {
			isa = PBXVariantGroup;
			children = (
				89E348A0248ED3C600A22431 /* Base */,
			);
			name = LaunchScreen.storyboard;
			sourceTree = "<group>";
		};
/* End PBXVariantGroup section */

/* Begin XCBuildConfiguration section */
		89E348B9248ED3C700A22431 /* Debug */ = {
			isa = XCBuildConfiguration;
			buildSettings = {
				ALWAYS_SEARCH_USER_PATHS = NO;
				CLANG_ANALYZER_NONNULL = YES;
				CLANG_ANALYZER_NUMBER_OBJECT_CONVERSION = YES_AGGRESSIVE;
				CLANG_CXX_LANGUAGE_STANDARD = "gnu++14";
				CLANG_CXX_LIBRARY = "libc++";
				CLANG_ENABLE_MODULES = YES;
				CLANG_ENABLE_OBJC_ARC = YES;
				CLANG_ENABLE_OBJC_WEAK = YES;
				CLANG_WARN_BLOCK_CAPTURE_AUTORELEASING = YES;
				CLANG_WARN_BOOL_CONVERSION = YES;
				CLANG_WARN_COMMA = YES;
				CLANG_WARN_CONSTANT_CONVERSION = YES;
				CLANG_WARN_DEPRECATED_OBJC_IMPLEMENTATIONS = YES;
				CLANG_WARN_DIRECT_OBJC_ISA_USAGE = YES_ERROR;
				CLANG_WARN_DOCUMENTATION_COMMENTS = YES;
				CLANG_WARN_EMPTY_BODY = YES;
				CLANG_WARN_ENUM_CONVERSION = YES;
				CLANG_WARN_INFINITE_RECURSION = YES;
				CLANG_WARN_INT_CONVERSION = YES;
				CLANG_WARN_NON_LITERAL_NULL_CONVERSION = YES;
				CLANG_WARN_OBJC_IMPLICIT_RETAIN_SELF = YES;
				CLANG_WARN_OBJC_LITERAL_CONVERSION = YES;
				CLANG_WARN_OBJC_ROOT_CLASS = YES_ERROR;
				CLANG_WARN_RANGE_LOOP_ANALYSIS = YES;
				CLANG_WARN_STRICT_PROTOTYPES = YES;
				CLANG_WARN_SUSPICIOUS_MOVE = YES;
				CLANG_WARN_UNGUARDED_AVAILABILITY = YES_AGGRESSIVE;
				CLANG_WARN_UNREACHABLE_CODE = YES;
				CLANG_WARN__DUPLICATE_METHOD_MATCH = YES;
				COPY_PHASE_STRIP = NO;
				DEBUG_INFORMATION_FORMAT = dwarf;
				ENABLE_STRICT_OBJC_MSGSEND = YES;
				ENABLE_TESTABILITY = YES;
				GCC_C_LANGUAGE_STANDARD = gnu11;
				GCC_DYNAMIC_NO_PIC = NO;
				GCC_NO_COMMON_BLOCKS = YES;
				GCC_OPTIMIZATION_LEVEL = 0;
				GCC_PREPROCESSOR_DEFINITIONS = (
					"DEBUG=1",
					"$(inherited)",
				);
				GCC_WARN_64_TO_32_BIT_CONVERSION = YES;
				GCC_WARN_ABOUT_RETURN_TYPE = YES_ERROR;
				GCC_WARN_UNDECLARED_SELECTOR = YES;
				GCC_WARN_UNINITIALIZED_AUTOS = YES_AGGRESSIVE;
				GCC_WARN_UNUSED_FUNCTION = YES;
				GCC_WARN_UNUSED_VARIABLE = YES;
				IPHONEOS_DEPLOYMENT_TARGET = 13.4;
				MTL_ENABLE_DEBUG_INFO = INCLUDE_SOURCE;
				MTL_FAST_MATH = YES;
				ONLY_ACTIVE_ARCH = YES;
				SDKROOT = iphoneos;
				SWIFT_ACTIVE_COMPILATION_CONDITIONS = DEBUG;
				SWIFT_OPTIMIZATION_LEVEL = "-Onone";
			};
			name = Debug;
		};
		89E348BA248ED3C700A22431 /* Release */ = {
			isa = XCBuildConfiguration;
			buildSettings = {
				ALWAYS_SEARCH_USER_PATHS = NO;
				CLANG_ANALYZER_NONNULL = YES;
				CLANG_ANALYZER_NUMBER_OBJECT_CONVERSION = YES_AGGRESSIVE;
				CLANG_CXX_LANGUAGE_STANDARD = "gnu++14";
				CLANG_CXX_LIBRARY = "libc++";
				CLANG_ENABLE_MODULES = YES;
				CLANG_ENABLE_OBJC_ARC = YES;
				CLANG_ENABLE_OBJC_WEAK = YES;
				CLANG_WARN_BLOCK_CAPTURE_AUTORELEASING = YES;
				CLANG_WARN_BOOL_CONVERSION = YES;
				CLANG_WARN_COMMA = YES;
				CLANG_WARN_CONSTANT_CONVERSION = YES;
				CLANG_WARN_DEPRECATED_OBJC_IMPLEMENTATIONS = YES;
				CLANG_WARN_DIRECT_OBJC_ISA_USAGE = YES_ERROR;
				CLANG_WARN_DOCUMENTATION_COMMENTS = YES;
				CLANG_WARN_EMPTY_BODY = YES;
				CLANG_WARN_ENUM_CONVERSION = YES;
				CLANG_WARN_INFINITE_RECURSION = YES;
				CLANG_WARN_INT_CONVERSION = YES;
				CLANG_WARN_NON_LITERAL_NULL_CONVERSION = YES;
				CLANG_WARN_OBJC_IMPLICIT_RETAIN_SELF = YES;
				CLANG_WARN_OBJC_LITERAL_CONVERSION = YES;
				CLANG_WARN_OBJC_ROOT_CLASS = YES_ERROR;
				CLANG_WARN_RANGE_LOOP_ANALYSIS = YES;
				CLANG_WARN_STRICT_PROTOTYPES = YES;
				CLANG_WARN_SUSPICIOUS_MOVE = YES;
				CLANG_WARN_UNGUARDED_AVAILABILITY = YES_AGGRESSIVE;
				CLANG_WARN_UNREACHABLE_CODE = YES;
				CLANG_WARN__DUPLICATE_METHOD_MATCH = YES;
				COPY_PHASE_STRIP = NO;
				DEBUG_INFORMATION_FORMAT = "dwarf-with-dsym";
				ENABLE_NS_ASSERTIONS = NO;
				ENABLE_STRICT_OBJC_MSGSEND = YES;
				GCC_C_LANGUAGE_STANDARD = gnu11;
				GCC_NO_COMMON_BLOCKS = YES;
				GCC_WARN_64_TO_32_BIT_CONVERSION = YES;
				GCC_WARN_ABOUT_RETURN_TYPE = YES_ERROR;
				GCC_WARN_UNDECLARED_SELECTOR = YES;
				GCC_WARN_UNINITIALIZED_AUTOS = YES_AGGRESSIVE;
				GCC_WARN_UNUSED_FUNCTION = YES;
				GCC_WARN_UNUSED_VARIABLE = YES;
				IPHONEOS_DEPLOYMENT_TARGET = 13.4;
				MTL_ENABLE_DEBUG_INFO = NO;
				MTL_FAST_MATH = YES;
				SDKROOT = iphoneos;
				SWIFT_COMPILATION_MODE = wholemodule;
				SWIFT_OPTIMIZATION_LEVEL = "-O";
				VALIDATE_PRODUCT = YES;
			};
			name = Release;
		};
		89E348BC248ED3C700A22431 /* Debug */ = {
			isa = XCBuildConfiguration;
			buildSettings = {
				ASSETCATALOG_COMPILER_APPICON_NAME = AppIcon;
				CODE_SIGN_STYLE = Automatic;
				DEVELOPMENT_TEAM = G3AC9V89Z9;
				INFOPLIST_FILE = "Social Media Integration/Info.plist";
				LD_RUNPATH_SEARCH_PATHS = (
					"$(inherited)",
					"@executable_path/Frameworks",
				);
				PRODUCT_BUNDLE_IDENTIFIER = "com.ml.Social-Media-Integration";
				PRODUCT_NAME = "$(TARGET_NAME)";
				SWIFT_VERSION = 5.0;
				TARGETED_DEVICE_FAMILY = "1,2";
			};
			name = Debug;
		};
		89E348BD248ED3C700A22431 /* Release */ = {
			isa = XCBuildConfiguration;
			buildSettings = {
				ASSETCATALOG_COMPILER_APPICON_NAME = AppIcon;
				CODE_SIGN_STYLE = Automatic;
				DEVELOPMENT_TEAM = G3AC9V89Z9;
				INFOPLIST_FILE = "Social Media Integration/Info.plist";
				LD_RUNPATH_SEARCH_PATHS = (
					"$(inherited)",
					"@executable_path/Frameworks",
				);
				PRODUCT_BUNDLE_IDENTIFIER = "com.ml.Social-Media-Integration";
				PRODUCT_NAME = "$(TARGET_NAME)";
				SWIFT_VERSION = 5.0;
				TARGETED_DEVICE_FAMILY = "1,2";
			};
			name = Release;
		};
		89E348BF248ED3C700A22431 /* Debug */ = {
			isa = XCBuildConfiguration;
			buildSettings = {
				ALWAYS_EMBED_SWIFT_STANDARD_LIBRARIES = YES;
				BUNDLE_LOADER = "$(TEST_HOST)";
				CODE_SIGN_STYLE = Automatic;
				DEVELOPMENT_TEAM = G3AC9V89Z9;
				INFOPLIST_FILE = "Social Media IntegrationTests/Info.plist";
				IPHONEOS_DEPLOYMENT_TARGET = 13.4;
				LD_RUNPATH_SEARCH_PATHS = (
					"$(inherited)",
					"@executable_path/Frameworks",
					"@loader_path/Frameworks",
				);
				PRODUCT_BUNDLE_IDENTIFIER = "com.ml.Social-Media-IntegrationTests";
				PRODUCT_NAME = "$(TARGET_NAME)";
				SWIFT_VERSION = 5.0;
				TARGETED_DEVICE_FAMILY = "1,2";
				TEST_HOST = "$(BUILT_PRODUCTS_DIR)/Social Media Integration.app/Social Media Integration";
			};
			name = Debug;
		};
		89E348C0248ED3C700A22431 /* Release */ = {
			isa = XCBuildConfiguration;
			buildSettings = {
				ALWAYS_EMBED_SWIFT_STANDARD_LIBRARIES = YES;
				BUNDLE_LOADER = "$(TEST_HOST)";
				CODE_SIGN_STYLE = Automatic;
				DEVELOPMENT_TEAM = G3AC9V89Z9;
				INFOPLIST_FILE = "Social Media IntegrationTests/Info.plist";
				IPHONEOS_DEPLOYMENT_TARGET = 13.4;
				LD_RUNPATH_SEARCH_PATHS = (
					"$(inherited)",
					"@executable_path/Frameworks",
					"@loader_path/Frameworks",
				);
				PRODUCT_BUNDLE_IDENTIFIER = "com.ml.Social-Media-IntegrationTests";
				PRODUCT_NAME = "$(TARGET_NAME)";
				SWIFT_VERSION = 5.0;
				TARGETED_DEVICE_FAMILY = "1,2";
				TEST_HOST = "$(BUILT_PRODUCTS_DIR)/Social Media Integration.app/Social Media Integration";
			};
			name = Release;
		};
		89E348C2248ED3C700A22431 /* Debug */ = {
			isa = XCBuildConfiguration;
			buildSettings = {
				ALWAYS_EMBED_SWIFT_STANDARD_LIBRARIES = YES;
				CODE_SIGN_STYLE = Automatic;
				DEVELOPMENT_TEAM = G3AC9V89Z9;
				INFOPLIST_FILE = "Social Media IntegrationUITests/Info.plist";
				LD_RUNPATH_SEARCH_PATHS = (
					"$(inherited)",
					"@executable_path/Frameworks",
					"@loader_path/Frameworks",
				);
				PRODUCT_BUNDLE_IDENTIFIER = "com.ml.Social-Media-IntegrationUITests";
				PRODUCT_NAME = "$(TARGET_NAME)";
				SWIFT_VERSION = 5.0;
				TARGETED_DEVICE_FAMILY = "1,2";
				TEST_TARGET_NAME = "Social Media Integration";
			};
			name = Debug;
		};
		89E348C3248ED3C700A22431 /* Release */ = {
			isa = XCBuildConfiguration;
			buildSettings = {
				ALWAYS_EMBED_SWIFT_STANDARD_LIBRARIES = YES;
				CODE_SIGN_STYLE = Automatic;
				DEVELOPMENT_TEAM = G3AC9V89Z9;
				INFOPLIST_FILE = "Social Media IntegrationUITests/Info.plist";
				LD_RUNPATH_SEARCH_PATHS = (
					"$(inherited)",
					"@executable_path/Frameworks",
					"@loader_path/Frameworks",
				);
				PRODUCT_BUNDLE_IDENTIFIER = "com.ml.Social-Media-IntegrationUITests";
				PRODUCT_NAME = "$(TARGET_NAME)";
				SWIFT_VERSION = 5.0;
				TARGETED_DEVICE_FAMILY = "1,2";
				TEST_TARGET_NAME = "Social Media Integration";
			};
			name = Release;
		};
/* End XCBuildConfiguration section */

/* Begin XCConfigurationList section */
		89E3488C248ED3C500A22431 /* Build configuration list for PBXProject "Social Media Integration" */ = {
			isa = XCConfigurationList;
			buildConfigurations = (
				89E348B9248ED3C700A22431 /* Debug */,
				89E348BA248ED3C700A22431 /* Release */,
			);
			defaultConfigurationIsVisible = 0;
			defaultConfigurationName = Release;
		};
		89E348BB248ED3C700A22431 /* Build configuration list for PBXNativeTarget "Social Media Integration" */ = {
			isa = XCConfigurationList;
			buildConfigurations = (
				89E348BC248ED3C700A22431 /* Debug */,
				89E348BD248ED3C700A22431 /* Release */,
			);
			defaultConfigurationIsVisible = 0;
			defaultConfigurationName = Release;
		};
		89E348BE248ED3C700A22431 /* Build configuration list for PBXNativeTarget "Social Media IntegrationTests" */ = {
			isa = XCConfigurationList;
			buildConfigurations = (
				89E348BF248ED3C700A22431 /* Debug */,
				89E348C0248ED3C700A22431 /* Release */,
			);
			defaultConfigurationIsVisible = 0;
			defaultConfigurationName = Release;
		};
		89E348C1248ED3C700A22431 /* Build configuration list for PBXNativeTarget "Social Media IntegrationUITests" */ = {
			isa = XCConfigurationList;
			buildConfigurations = (
				89E348C2248ED3C700A22431 /* Debug */,
				89E348C3248ED3C700A22431 /* Release */,
			);
			defaultConfigurationIsVisible = 0;
			defaultConfigurationName = Release;
		};
/* End XCConfigurationList section */
	};
	rootObject = 89E34889248ED3C500A22431 /* Project object */;
}
